// !$*UTF8*$!
{
	archiveVersion = 1;
	classes = {
	};
	objectVersion = 56;
	objects = {

/* Begin PBXBuildFile section */
		2C5A62D32B0CDF080022205B /* SnapKit in Frameworks */ = {isa = PBXBuildFile; productRef = 2C5A62D22B0CDF080022205B /* SnapKit */; };
		2C5A62D62B0CE1580022205B /* FirebaseAnalytics in Frameworks */ = {isa = PBXBuildFile; productRef = 2C5A62D52B0CE1580022205B /* FirebaseAnalytics */; };
		2C5A62D82B0CE1580022205B /* FirebaseAppDistribution-Beta in Frameworks */ = {isa = PBXBuildFile; productRef = 2C5A62D72B0CE1580022205B /* FirebaseAppDistribution-Beta */; };
		2C5A62DA2B0CE1580022205B /* FirebaseAuth in Frameworks */ = {isa = PBXBuildFile; productRef = 2C5A62D92B0CE1580022205B /* FirebaseAuth */; };
		2C5A62DC2B0CE1580022205B /* FirebaseDatabase in Frameworks */ = {isa = PBXBuildFile; productRef = 2C5A62DB2B0CE1580022205B /* FirebaseDatabase */; };
		2C5A62DE2B0CE1580022205B /* FirebaseFirestore in Frameworks */ = {isa = PBXBuildFile; productRef = 2C5A62DD2B0CE1580022205B /* FirebaseFirestore */; };
		2C5A62E02B0CE1580022205B /* FirebaseStorage in Frameworks */ = {isa = PBXBuildFile; productRef = 2C5A62DF2B0CE1580022205B /* FirebaseStorage */; };
		2C60FACC2B0CFB4D00B76F92 /* AppleMapVC.swift in Sources */ = {isa = PBXBuildFile; fileRef = 2C60FACB2B0CFB4D00B76F92 /* AppleMapVC.swift */; };
		2CC20EA62B0B506900050941 /* AppDelegate.swift in Sources */ = {isa = PBXBuildFile; fileRef = 2CC20EA52B0B506900050941 /* AppDelegate.swift */; };
		2CC20EA82B0B506900050941 /* SceneDelegate.swift in Sources */ = {isa = PBXBuildFile; fileRef = 2CC20EA72B0B506900050941 /* SceneDelegate.swift */; };
		2CC20EAA2B0B506900050941 /* ViewController.swift in Sources */ = {isa = PBXBuildFile; fileRef = 2CC20EA92B0B506900050941 /* ViewController.swift */; };
		2CC20EAD2B0B506900050941 /* Main.storyboard in Resources */ = {isa = PBXBuildFile; fileRef = 2CC20EAB2B0B506900050941 /* Main.storyboard */; };
		2CC20EAF2B0B506D00050941 /* Assets.xcassets in Resources */ = {isa = PBXBuildFile; fileRef = 2CC20EAE2B0B506D00050941 /* Assets.xcassets */; };
		2CC20EB22B0B506D00050941 /* LaunchScreen.storyboard in Resources */ = {isa = PBXBuildFile; fileRef = 2CC20EB02B0B506D00050941 /* LaunchScreen.storyboard */; };
		2CC20ECE2B0B535200050941 /* GoogleService-Info.plist in Resources */ = {isa = PBXBuildFile; fileRef = 2CC20ECD2B0B535200050941 /* GoogleService-Info.plist */; };
		2CC20ED32B0B549600050941 /* MainScreenVC.swift in Sources */ = {isa = PBXBuildFile; fileRef = 2CC20ED22B0B549600050941 /* MainScreenVC.swift */; };
		2CC20ED62B0B567700050941 /* Strings.swift in Sources */ = {isa = PBXBuildFile; fileRef = 2CC20ED52B0B567700050941 /* Strings.swift */; };
		2CC20ED82B0B568100050941 /* Colors.swift in Sources */ = {isa = PBXBuildFile; fileRef = 2CC20ED72B0B568100050941 /* Colors.swift */; };
		2CC20EDA2B0B568C00050941 /* Constants.swift in Sources */ = {isa = PBXBuildFile; fileRef = 2CC20ED92B0B568C00050941 /* Constants.swift */; };
		2CC20EDD2B0B583700050941 /* MainVM.swift in Sources */ = {isa = PBXBuildFile; fileRef = 2CC20EDC2B0B583700050941 /* MainVM.swift */; };
		2CC20EDF2B0B598B00050941 /* MainTableViewCell.swift in Sources */ = {isa = PBXBuildFile; fileRef = 2CC20EDE2B0B598B00050941 /* MainTableViewCell.swift */; };
		2CC20EE12B0B5E4F00050941 /* TableHeaderView.swift in Sources */ = {isa = PBXBuildFile; fileRef = 2CC20EE02B0B5E4F00050941 /* TableHeaderView.swift */; };
		2CC20EE32B0B6BE200050941 /* MapVC.swift in Sources */ = {isa = PBXBuildFile; fileRef = 2CC20EE22B0B6BE200050941 /* MapVC.swift */; };
		2CC20EE82B0B804A00050941 /* YBaseMapView.swift in Sources */ = {isa = PBXBuildFile; fileRef = 2CC20EE72B0B804A00050941 /* YBaseMapView.swift */; };
/* End PBXBuildFile section */

/* Begin PBXFileReference section */
		2C60FACB2B0CFB4D00B76F92 /* AppleMapVC.swift */ = {isa = PBXFileReference; lastKnownFileType = sourcecode.swift; path = AppleMapVC.swift; sourceTree = "<group>"; };
		2CC20EA22B0B506900050941 /* Kuryer.app */ = {isa = PBXFileReference; explicitFileType = wrapper.application; includeInIndex = 0; path = Kuryer.app; sourceTree = BUILT_PRODUCTS_DIR; };
		2CC20EA52B0B506900050941 /* AppDelegate.swift */ = {isa = PBXFileReference; lastKnownFileType = sourcecode.swift; path = AppDelegate.swift; sourceTree = "<group>"; };
		2CC20EA72B0B506900050941 /* SceneDelegate.swift */ = {isa = PBXFileReference; lastKnownFileType = sourcecode.swift; path = SceneDelegate.swift; sourceTree = "<group>"; };
		2CC20EA92B0B506900050941 /* ViewController.swift */ = {isa = PBXFileReference; lastKnownFileType = sourcecode.swift; path = ViewController.swift; sourceTree = "<group>"; };
		2CC20EAC2B0B506900050941 /* Base */ = {isa = PBXFileReference; lastKnownFileType = file.storyboard; name = Base; path = Base.lproj/Main.storyboard; sourceTree = "<group>"; };
		2CC20EAE2B0B506D00050941 /* Assets.xcassets */ = {isa = PBXFileReference; lastKnownFileType = folder.assetcatalog; path = Assets.xcassets; sourceTree = "<group>"; };
		2CC20EB12B0B506D00050941 /* Base */ = {isa = PBXFileReference; lastKnownFileType = file.storyboard; name = Base; path = Base.lproj/LaunchScreen.storyboard; sourceTree = "<group>"; };
		2CC20EB32B0B506D00050941 /* Info.plist */ = {isa = PBXFileReference; lastKnownFileType = text.plist.xml; path = Info.plist; sourceTree = "<group>"; };
		2CC20ECD2B0B535200050941 /* GoogleService-Info.plist */ = {isa = PBXFileReference; fileEncoding = 4; lastKnownFileType = text.plist.xml; path = "GoogleService-Info.plist"; sourceTree = "<group>"; };
		2CC20ED22B0B549600050941 /* MainScreenVC.swift */ = {isa = PBXFileReference; lastKnownFileType = sourcecode.swift; path = MainScreenVC.swift; sourceTree = "<group>"; };
		2CC20ED52B0B567700050941 /* Strings.swift */ = {isa = PBXFileReference; lastKnownFileType = sourcecode.swift; path = Strings.swift; sourceTree = "<group>"; };
		2CC20ED72B0B568100050941 /* Colors.swift */ = {isa = PBXFileReference; lastKnownFileType = sourcecode.swift; path = Colors.swift; sourceTree = "<group>"; };
		2CC20ED92B0B568C00050941 /* Constants.swift */ = {isa = PBXFileReference; lastKnownFileType = sourcecode.swift; path = Constants.swift; sourceTree = "<group>"; };
		2CC20EDC2B0B583700050941 /* MainVM.swift */ = {isa = PBXFileReference; lastKnownFileType = sourcecode.swift; path = MainVM.swift; sourceTree = "<group>"; };
		2CC20EDE2B0B598B00050941 /* MainTableViewCell.swift */ = {isa = PBXFileReference; lastKnownFileType = sourcecode.swift; path = MainTableViewCell.swift; sourceTree = "<group>"; };
		2CC20EE02B0B5E4F00050941 /* TableHeaderView.swift */ = {isa = PBXFileReference; lastKnownFileType = sourcecode.swift; path = TableHeaderView.swift; sourceTree = "<group>"; };
		2CC20EE22B0B6BE200050941 /* MapVC.swift */ = {isa = PBXFileReference; lastKnownFileType = sourcecode.swift; path = MapVC.swift; sourceTree = "<group>"; };
		2CC20EE72B0B804A00050941 /* YBaseMapView.swift */ = {isa = PBXFileReference; lastKnownFileType = sourcecode.swift; path = YBaseMapView.swift; sourceTree = "<group>"; };
/* End PBXFileReference section */

/* Begin PBXFrameworksBuildPhase section */
		2CC20E9F2B0B506900050941 /* Frameworks */ = {
			isa = PBXFrameworksBuildPhase;
			buildActionMask = 2147483647;
			files = (
				2C5A62DC2B0CE1580022205B /* FirebaseDatabase in Frameworks */,
				2C5A62D62B0CE1580022205B /* FirebaseAnalytics in Frameworks */,
				2C5A62D32B0CDF080022205B /* SnapKit in Frameworks */,
				2C5A62D82B0CE1580022205B /* FirebaseAppDistribution-Beta in Frameworks */,
				2C5A62E02B0CE1580022205B /* FirebaseStorage in Frameworks */,
				2C5A62DA2B0CE1580022205B /* FirebaseAuth in Frameworks */,
				2C5A62DE2B0CE1580022205B /* FirebaseFirestore in Frameworks */,
			);
			runOnlyForDeploymentPostprocessing = 0;
		};
/* End PBXFrameworksBuildPhase section */

/* Begin PBXGroup section */
		2C60FACA2B0CFB3A00B76F92 /* AppleMap */ = {
			isa = PBXGroup;
			children = (
				2C60FACB2B0CFB4D00B76F92 /* AppleMapVC.swift */,
			);
			path = AppleMap;
			sourceTree = "<group>";
		};
		2CC20E992B0B506900050941 = {
			isa = PBXGroup;
			children = (
				2CC20EA42B0B506900050941 /* Kuryer */,
				2CC20EA32B0B506900050941 /* Products */,
			);
			sourceTree = "<group>";
		};
		2CC20EA32B0B506900050941 /* Products */ = {
			isa = PBXGroup;
			children = (
				2CC20EA22B0B506900050941 /* Kuryer.app */,
			);
			name = Products;
			sourceTree = "<group>";
		};
		2CC20EA42B0B506900050941 /* Kuryer */ = {
			isa = PBXGroup;
			children = (
				2C60FACA2B0CFB3A00B76F92 /* AppleMap */,
				2CC20ED42B0B565200050941 /* Resorces */,
				2CC20ED12B0B547500050941 /* MapScreen */,
				2CC20ED02B0B546D00050941 /* MainScreen */,
				2CC20ECF2B0B545E00050941 /* Registration */,
				2CC20EA52B0B506900050941 /* AppDelegate.swift */,
				2CC20EA72B0B506900050941 /* SceneDelegate.swift */,
				2CC20EA92B0B506900050941 /* ViewController.swift */,
				2CC20EAB2B0B506900050941 /* Main.storyboard */,
				2CC20EAE2B0B506D00050941 /* Assets.xcassets */,
				2CC20EB02B0B506D00050941 /* LaunchScreen.storyboard */,
				2CC20EB32B0B506D00050941 /* Info.plist */,
				2CC20ECD2B0B535200050941 /* GoogleService-Info.plist */,
			);
			path = Kuryer;
			sourceTree = "<group>";
		};
		2CC20ECF2B0B545E00050941 /* Registration */ = {
			isa = PBXGroup;
			children = (
			);
			path = Registration;
			sourceTree = "<group>";
		};
		2CC20ED02B0B546D00050941 /* MainScreen */ = {
			isa = PBXGroup;
			children = (
				2CC20EDB2B0B582400050941 /* MainViewModel */,
				2CC20ED22B0B549600050941 /* MainScreenVC.swift */,
				2CC20EDE2B0B598B00050941 /* MainTableViewCell.swift */,
				2CC20EE02B0B5E4F00050941 /* TableHeaderView.swift */,
			);
			path = MainScreen;
			sourceTree = "<group>";
		};
		2CC20ED12B0B547500050941 /* MapScreen */ = {
			isa = PBXGroup;
			children = (
				2CC20EE22B0B6BE200050941 /* MapVC.swift */,
				2CC20EE72B0B804A00050941 /* YBaseMapView.swift */,
			);
			path = MapScreen;
			sourceTree = "<group>";
		};
		2CC20ED42B0B565200050941 /* Resorces */ = {
			isa = PBXGroup;
			children = (
				2CC20ED52B0B567700050941 /* Strings.swift */,
				2CC20ED72B0B568100050941 /* Colors.swift */,
				2CC20ED92B0B568C00050941 /* Constants.swift */,
			);
			path = Resorces;
			sourceTree = "<group>";
		};
		2CC20EDB2B0B582400050941 /* MainViewModel */ = {
			isa = PBXGroup;
			children = (
				2CC20EDC2B0B583700050941 /* MainVM.swift */,
			);
			path = MainViewModel;
			sourceTree = "<group>";
		};
/* End PBXGroup section */

/* Begin PBXNativeTarget section */
		2CC20EA12B0B506900050941 /* Kuryer */ = {
			isa = PBXNativeTarget;
			buildConfigurationList = 2CC20EB62B0B506D00050941 /* Build configuration list for PBXNativeTarget "Kuryer" */;
			buildPhases = (
				2CC20E9E2B0B506900050941 /* Sources */,
				2CC20E9F2B0B506900050941 /* Frameworks */,
				2CC20EA02B0B506900050941 /* Resources */,
			);
			buildRules = (
			);
			dependencies = (
			);
			name = Kuryer;
			packageProductDependencies = (
				2C5A62D22B0CDF080022205B /* SnapKit */,
				2C5A62D52B0CE1580022205B /* FirebaseAnalytics */,
				2C5A62D72B0CE1580022205B /* FirebaseAppDistribution-Beta */,
				2C5A62D92B0CE1580022205B /* FirebaseAuth */,
				2C5A62DB2B0CE1580022205B /* FirebaseDatabase */,
				2C5A62DD2B0CE1580022205B /* FirebaseFirestore */,
				2C5A62DF2B0CE1580022205B /* FirebaseStorage */,
			);
			productName = Kuryer;
			productReference = 2CC20EA22B0B506900050941 /* Kuryer.app */;
			productType = "com.apple.product-type.application";
		};
/* End PBXNativeTarget section */

/* Begin PBXProject section */
		2CC20E9A2B0B506900050941 /* Project object */ = {
			isa = PBXProject;
			attributes = {
				BuildIndependentTargetsInParallel = 1;
				LastSwiftUpdateCheck = 1420;
				LastUpgradeCheck = 1420;
				TargetAttributes = {
					2CC20EA12B0B506900050941 = {
						CreatedOnToolsVersion = 14.2;
					};
				};
			};
			buildConfigurationList = 2CC20E9D2B0B506900050941 /* Build configuration list for PBXProject "Kuryer" */;
			compatibilityVersion = "Xcode 14.0";
			developmentRegion = en;
			hasScannedForEncodings = 0;
			knownRegions = (
				en,
				Base,
			);
			mainGroup = 2CC20E992B0B506900050941;
			packageReferences = (
				2C5A62D12B0CDF080022205B /* XCRemoteSwiftPackageReference "SnapKit" */,
				2C5A62D42B0CE1580022205B /* XCRemoteSwiftPackageReference "firebase-ios-sdk" */,
			);
			productRefGroup = 2CC20EA32B0B506900050941 /* Products */;
			projectDirPath = "";
			projectRoot = "";
			targets = (
				2CC20EA12B0B506900050941 /* Kuryer */,
			);
		};
/* End PBXProject section */

/* Begin PBXResourcesBuildPhase section */
		2CC20EA02B0B506900050941 /* Resources */ = {
			isa = PBXResourcesBuildPhase;
			buildActionMask = 2147483647;
			files = (
				2CC20EB22B0B506D00050941 /* LaunchScreen.storyboard in Resources */,
				2CC20ECE2B0B535200050941 /* GoogleService-Info.plist in Resources */,
				2CC20EAF2B0B506D00050941 /* Assets.xcassets in Resources */,
				2CC20EAD2B0B506900050941 /* Main.storyboard in Resources */,
			);
			runOnlyForDeploymentPostprocessing = 0;
		};
/* End PBXResourcesBuildPhase section */

/* Begin PBXSourcesBuildPhase section */
		2CC20E9E2B0B506900050941 /* Sources */ = {
			isa = PBXSourcesBuildPhase;
			buildActionMask = 2147483647;
			files = (
				2CC20EE12B0B5E4F00050941 /* TableHeaderView.swift in Sources */,
				2CC20EAA2B0B506900050941 /* ViewController.swift in Sources */,
				2CC20EDF2B0B598B00050941 /* MainTableViewCell.swift in Sources */,
				2CC20ED82B0B568100050941 /* Colors.swift in Sources */,
				2CC20EA62B0B506900050941 /* AppDelegate.swift in Sources */,
				2CC20EE32B0B6BE200050941 /* MapVC.swift in Sources */,
				2CC20ED62B0B567700050941 /* Strings.swift in Sources */,
				2CC20EDA2B0B568C00050941 /* Constants.swift in Sources */,
				2CC20EA82B0B506900050941 /* SceneDelegate.swift in Sources */,
				2CC20ED32B0B549600050941 /* MainScreenVC.swift in Sources */,
				2CC20EE82B0B804A00050941 /* YBaseMapView.swift in Sources */,
				2CC20EDD2B0B583700050941 /* MainVM.swift in Sources */,
				2C60FACC2B0CFB4D00B76F92 /* AppleMapVC.swift in Sources */,
			);
			runOnlyForDeploymentPostprocessing = 0;
		};
/* End PBXSourcesBuildPhase section */

/* Begin PBXVariantGroup section */
		2CC20EAB2B0B506900050941 /* Main.storyboard */ = {
			isa = PBXVariantGroup;
			children = (
				2CC20EAC2B0B506900050941 /* Base */,
			);
			name = Main.storyboard;
			sourceTree = "<group>";
		};
		2CC20EB02B0B506D00050941 /* LaunchScreen.storyboard */ = {
			isa = PBXVariantGroup;
			children = (
				2CC20EB12B0B506D00050941 /* Base */,
			);
			name = LaunchScreen.storyboard;
			sourceTree = "<group>";
		};
/* End PBXVariantGroup section */

/* Begin XCBuildConfiguration section */
		2CC20EB42B0B506D00050941 /* Debug */ = {
			isa = XCBuildConfiguration;
			buildSettings = {
				ALWAYS_SEARCH_USER_PATHS = NO;
				CLANG_ANALYZER_NONNULL = YES;
				CLANG_ANALYZER_NUMBER_OBJECT_CONVERSION = YES_AGGRESSIVE;
				CLANG_CXX_LANGUAGE_STANDARD = "gnu++20";
				CLANG_ENABLE_MODULES = YES;
				CLANG_ENABLE_OBJC_ARC = YES;
				CLANG_ENABLE_OBJC_WEAK = YES;
				CLANG_WARN_BLOCK_CAPTURE_AUTORELEASING = YES;
				CLANG_WARN_BOOL_CONVERSION = YES;
				CLANG_WARN_COMMA = YES;
				CLANG_WARN_CONSTANT_CONVERSION = YES;
				CLANG_WARN_DEPRECATED_OBJC_IMPLEMENTATIONS = YES;
				CLANG_WARN_DIRECT_OBJC_ISA_USAGE = YES_ERROR;
				CLANG_WARN_DOCUMENTATION_COMMENTS = YES;
				CLANG_WARN_EMPTY_BODY = YES;
				CLANG_WARN_ENUM_CONVERSION = YES;
				CLANG_WARN_INFINITE_RECURSION = YES;
				CLANG_WARN_INT_CONVERSION = YES;
				CLANG_WARN_NON_LITERAL_NULL_CONVERSION = YES;
				CLANG_WARN_OBJC_IMPLICIT_RETAIN_SELF = YES;
				CLANG_WARN_OBJC_LITERAL_CONVERSION = YES;
				CLANG_WARN_OBJC_ROOT_CLASS = YES_ERROR;
				CLANG_WARN_QUOTED_INCLUDE_IN_FRAMEWORK_HEADER = YES;
				CLANG_WARN_RANGE_LOOP_ANALYSIS = YES;
				CLANG_WARN_STRICT_PROTOTYPES = YES;
				CLANG_WARN_SUSPICIOUS_MOVE = YES;
				CLANG_WARN_UNGUARDED_AVAILABILITY = YES_AGGRESSIVE;
				CLANG_WARN_UNREACHABLE_CODE = YES;
				CLANG_WARN__DUPLICATE_METHOD_MATCH = YES;
				COPY_PHASE_STRIP = NO;
				DEBUG_INFORMATION_FORMAT = dwarf;
				ENABLE_STRICT_OBJC_MSGSEND = YES;
				ENABLE_TESTABILITY = YES;
				GCC_C_LANGUAGE_STANDARD = gnu11;
				GCC_DYNAMIC_NO_PIC = NO;
				GCC_NO_COMMON_BLOCKS = YES;
				GCC_OPTIMIZATION_LEVEL = 0;
				GCC_PREPROCESSOR_DEFINITIONS = (
					"DEBUG=1",
					"$(inherited)",
				);
				GCC_WARN_64_TO_32_BIT_CONVERSION = YES;
				GCC_WARN_ABOUT_RETURN_TYPE = YES_ERROR;
				GCC_WARN_UNDECLARED_SELECTOR = YES;
				GCC_WARN_UNINITIALIZED_AUTOS = YES_AGGRESSIVE;
				GCC_WARN_UNUSED_FUNCTION = YES;
				GCC_WARN_UNUSED_VARIABLE = YES;
				IPHONEOS_DEPLOYMENT_TARGET = 16.2;
				MTL_ENABLE_DEBUG_INFO = INCLUDE_SOURCE;
				MTL_FAST_MATH = YES;
				ONLY_ACTIVE_ARCH = YES;
				SDKROOT = iphoneos;
				SWIFT_ACTIVE_COMPILATION_CONDITIONS = DEBUG;
				SWIFT_OPTIMIZATION_LEVEL = "-Onone";
			};
			name = Debug;
		};
		2CC20EB52B0B506D00050941 /* Release */ = {
			isa = XCBuildConfiguration;
			buildSettings = {
				ALWAYS_SEARCH_USER_PATHS = NO;
				CLANG_ANALYZER_NONNULL = YES;
				CLANG_ANALYZER_NUMBER_OBJECT_CONVERSION = YES_AGGRESSIVE;
				CLANG_CXX_LANGUAGE_STANDARD = "gnu++20";
				CLANG_ENABLE_MODULES = YES;
				CLANG_ENABLE_OBJC_ARC = YES;
				CLANG_ENABLE_OBJC_WEAK = YES;
				CLANG_WARN_BLOCK_CAPTURE_AUTORELEASING = YES;
				CLANG_WARN_BOOL_CONVERSION = YES;
				CLANG_WARN_COMMA = YES;
				CLANG_WARN_CONSTANT_CONVERSION = YES;
				CLANG_WARN_DEPRECATED_OBJC_IMPLEMENTATIONS = YES;
				CLANG_WARN_DIRECT_OBJC_ISA_USAGE = YES_ERROR;
				CLANG_WARN_DOCUMENTATION_COMMENTS = YES;
				CLANG_WARN_EMPTY_BODY = YES;
				CLANG_WARN_ENUM_CONVERSION = YES;
				CLANG_WARN_INFINITE_RECURSION = YES;
				CLANG_WARN_INT_CONVERSION = YES;
				CLANG_WARN_NON_LITERAL_NULL_CONVERSION = YES;
				CLANG_WARN_OBJC_IMPLICIT_RETAIN_SELF = YES;
				CLANG_WARN_OBJC_LITERAL_CONVERSION = YES;
				CLANG_WARN_OBJC_ROOT_CLASS = YES_ERROR;
				CLANG_WARN_QUOTED_INCLUDE_IN_FRAMEWORK_HEADER = YES;
				CLANG_WARN_RANGE_LOOP_ANALYSIS = YES;
				CLANG_WARN_STRICT_PROTOTYPES = YES;
				CLANG_WARN_SUSPICIOUS_MOVE = YES;
				CLANG_WARN_UNGUARDED_AVAILABILITY = YES_AGGRESSIVE;
				CLANG_WARN_UNREACHABLE_CODE = YES;
				CLANG_WARN__DUPLICATE_METHOD_MATCH = YES;
				COPY_PHASE_STRIP = NO;
				DEBUG_INFORMATION_FORMAT = "dwarf-with-dsym";
				ENABLE_NS_ASSERTIONS = NO;
				ENABLE_STRICT_OBJC_MSGSEND = YES;
				GCC_C_LANGUAGE_STANDARD = gnu11;
				GCC_NO_COMMON_BLOCKS = YES;
				GCC_WARN_64_TO_32_BIT_CONVERSION = YES;
				GCC_WARN_ABOUT_RETURN_TYPE = YES_ERROR;
				GCC_WARN_UNDECLARED_SELECTOR = YES;
				GCC_WARN_UNINITIALIZED_AUTOS = YES_AGGRESSIVE;
				GCC_WARN_UNUSED_FUNCTION = YES;
				GCC_WARN_UNUSED_VARIABLE = YES;
				IPHONEOS_DEPLOYMENT_TARGET = 16.2;
				MTL_ENABLE_DEBUG_INFO = NO;
				MTL_FAST_MATH = YES;
				SDKROOT = iphoneos;
				SWIFT_COMPILATION_MODE = wholemodule;
				SWIFT_OPTIMIZATION_LEVEL = "-O";
				VALIDATE_PRODUCT = YES;
			};
			name = Release;
		};
		2CC20EB72B0B506D00050941 /* Debug */ = {
			isa = XCBuildConfiguration;
			buildSettings = {
				ASSETCATALOG_COMPILER_APPICON_NAME = AppIcon;
				ASSETCATALOG_COMPILER_GLOBAL_ACCENT_COLOR_NAME = AccentColor;
				CODE_SIGN_STYLE = Automatic;
				CURRENT_PROJECT_VERSION = 1;
				DEVELOPMENT_TEAM = 85YCKA99M8;
				GENERATE_INFOPLIST_FILE = YES;
				GENERATE_MASTER_OBJECT_FILE = NO;
				INFOPLIST_FILE = Kuryer/Info.plist;
				INFOPLIST_KEY_UIApplicationSupportsIndirectInputEvents = YES;
				INFOPLIST_KEY_UILaunchStoryboardName = LaunchScreen;
				INFOPLIST_KEY_UIMainStoryboardFile = Main;
				INFOPLIST_KEY_UISupportedInterfaceOrientations_iPad = "UIInterfaceOrientationPortrait UIInterfaceOrientationPortraitUpsideDown UIInterfaceOrientationLandscapeLeft UIInterfaceOrientationLandscapeRight";
				INFOPLIST_KEY_UISupportedInterfaceOrientations_iPhone = "UIInterfaceOrientationPortrait UIInterfaceOrientationLandscapeLeft UIInterfaceOrientationLandscapeRight";
				IPHONEOS_DEPLOYMENT_TARGET = 11.0;
				LD_RUNPATH_SEARCH_PATHS = (
					"$(inherited)",
					"@executable_path/Frameworks",
				);
				MARKETING_VERSION = 1.0;
				OTHER_LDFLAGS = "";
				PRODUCT_BUNDLE_IDENTIFIER = com.Nikita.Kuryer;
				PRODUCT_NAME = "$(TARGET_NAME)";
				SWIFT_EMIT_LOC_STRINGS = YES;
				SWIFT_VERSION = 5.0;
				TARGETED_DEVICE_FAMILY = "1,2";
			};
			name = Debug;
		};
		2CC20EB82B0B506D00050941 /* Release */ = {
			isa = XCBuildConfiguration;
			buildSettings = {
				ASSETCATALOG_COMPILER_APPICON_NAME = AppIcon;
				ASSETCATALOG_COMPILER_GLOBAL_ACCENT_COLOR_NAME = AccentColor;
				CODE_SIGN_STYLE = Automatic;
				CURRENT_PROJECT_VERSION = 1;
				DEVELOPMENT_TEAM = 85YCKA99M8;
				GENERATE_INFOPLIST_FILE = YES;
				GENERATE_MASTER_OBJECT_FILE = NO;
				INFOPLIST_FILE = Kuryer/Info.plist;
				INFOPLIST_KEY_UIApplicationSupportsIndirectInputEvents = YES;
				INFOPLIST_KEY_UILaunchStoryboardName = LaunchScreen;
				INFOPLIST_KEY_UIMainStoryboardFile = Main;
				INFOPLIST_KEY_UISupportedInterfaceOrientations_iPad = "UIInterfaceOrientationPortrait UIInterfaceOrientationPortraitUpsideDown UIInterfaceOrientationLandscapeLeft UIInterfaceOrientationLandscapeRight";
				INFOPLIST_KEY_UISupportedInterfaceOrientations_iPhone = "UIInterfaceOrientationPortrait UIInterfaceOrientationLandscapeLeft UIInterfaceOrientationLandscapeRight";
				IPHONEOS_DEPLOYMENT_TARGET = 11.0;
				LD_RUNPATH_SEARCH_PATHS = (
					"$(inherited)",
					"@executable_path/Frameworks",
				);
				MARKETING_VERSION = 1.0;
				OTHER_LDFLAGS = "";
				PRODUCT_BUNDLE_IDENTIFIER = com.Nikita.Kuryer;
				PRODUCT_NAME = "$(TARGET_NAME)";
				SWIFT_EMIT_LOC_STRINGS = YES;
				SWIFT_VERSION = 5.0;
				TARGETED_DEVICE_FAMILY = "1,2";
			};
			name = Release;
		};
/* End XCBuildConfiguration section */

/* Begin XCConfigurationList section */
		2CC20E9D2B0B506900050941 /* Build configuration list for PBXProject "Kuryer" */ = {
			isa = XCConfigurationList;
			buildConfigurations = (
				2CC20EB42B0B506D00050941 /* Debug */,
				2CC20EB52B0B506D00050941 /* Release */,
			);
			defaultConfigurationIsVisible = 0;
			defaultConfigurationName = Release;
		};
		2CC20EB62B0B506D00050941 /* Build configuration list for PBXNativeTarget "Kuryer" */ = {
			isa = XCConfigurationList;
			buildConfigurations = (
				2CC20EB72B0B506D00050941 /* Debug */,
				2CC20EB82B0B506D00050941 /* Release */,
			);
			defaultConfigurationIsVisible = 0;
			defaultConfigurationName = Release;
		};
/* End XCConfigurationList section */

/* Begin XCRemoteSwiftPackageReference section */
		2C5A62D12B0CDF080022205B /* XCRemoteSwiftPackageReference "SnapKit" */ = {
			isa = XCRemoteSwiftPackageReference;
			repositoryURL = "https://github.com/SnapKit/SnapKit.git";
			requirement = {
				kind = upToNextMajorVersion;
				minimumVersion = 5.0.0;
			};
		};
		2C5A62D42B0CE1580022205B /* XCRemoteSwiftPackageReference "firebase-ios-sdk" */ = {
			isa = XCRemoteSwiftPackageReference;
			repositoryURL = "https://github.com/firebase/firebase-ios-sdk";
			requirement = {
				branch = master;
				kind = branch;
			};
		};
/* End XCRemoteSwiftPackageReference section */

/* Begin XCSwiftPackageProductDependency section */
		2C5A62D22B0CDF080022205B /* SnapKit */ = {
			isa = XCSwiftPackageProductDependency;
			package = 2C5A62D12B0CDF080022205B /* XCRemoteSwiftPackageReference "SnapKit" */;
			productName = SnapKit;
		};
		2C5A62D52B0CE1580022205B /* FirebaseAnalytics */ = {
			isa = XCSwiftPackageProductDependency;
			package = 2C5A62D42B0CE1580022205B /* XCRemoteSwiftPackageReference "firebase-ios-sdk" */;
			productName = FirebaseAnalytics;
		};
		2C5A62D72B0CE1580022205B /* FirebaseAppDistribution-Beta */ = {
			isa = XCSwiftPackageProductDependency;
			package = 2C5A62D42B0CE1580022205B /* XCRemoteSwiftPackageReference "firebase-ios-sdk" */;
			productName = "FirebaseAppDistribution-Beta";
		};
		2C5A62D92B0CE1580022205B /* FirebaseAuth */ = {
			isa = XCSwiftPackageProductDependency;
			package = 2C5A62D42B0CE1580022205B /* XCRemoteSwiftPackageReference "firebase-ios-sdk" */;
			productName = FirebaseAuth;
		};
		2C5A62DB2B0CE1580022205B /* FirebaseDatabase */ = {
			isa = XCSwiftPackageProductDependency;
			package = 2C5A62D42B0CE1580022205B /* XCRemoteSwiftPackageReference "firebase-ios-sdk" */;
			productName = FirebaseDatabase;
		};
		2C5A62DD2B0CE1580022205B /* FirebaseFirestore */ = {
			isa = XCSwiftPackageProductDependency;
			package = 2C5A62D42B0CE1580022205B /* XCRemoteSwiftPackageReference "firebase-ios-sdk" */;
			productName = FirebaseFirestore;
		};
		2C5A62DF2B0CE1580022205B /* FirebaseStorage */ = {
			isa = XCSwiftPackageProductDependency;
			package = 2C5A62D42B0CE1580022205B /* XCRemoteSwiftPackageReference "firebase-ios-sdk" */;
			productName = FirebaseStorage;
		};
/* End XCSwiftPackageProductDependency section */
	};
	rootObject = 2CC20E9A2B0B506900050941 /* Project object */;
}
